
Microsoft Visual Studio Solution File, Format Version 12.00
# 
Project("{2150E333-8FDC-42A3-9474-1A3956D46DE8}") = "src", "src", "{D44D4DD3-8AE8-43C3-BA09-5DDD570DB370}"
EndProject
Project("{FAE04EC0-301F-11D3-BF4B-00C04F79EFBC}") = "Day20", "src\Day20\Day20.csproj", "{F903854C-D123-4969-93A3-63302AEA2B39}"
EndProject
Project("{2150E333-8FDC-42A3-9474-1A3956D46DE8}") = "tests", "tests", "{319B9C65-DA66-4FDF-B56E-9E8FD30E66FA}"
EndProject
Project("{FAE04EC0-301F-11D3-BF4B-00C04F79EFBC}") = "Day20Tests", "tests\Day20Tests\Day20Tests.csproj", "{F5C67CA3-D85A-4E3D-9CD7-9F943BB54511}"
EndProject
Global
	GlobalSection(SolutionConfigurationPlatforms) = preSolution
		Debug|Any CPU = Debug|Any CPU
		Release|Any CPU = Release|Any CPU
	EndGlobalSection
	GlobalSection(ProjectConfigurationPlatforms) = postSolution
		{F903854C-D123-4969-93A3-63302AEA2B39}.Debug|Any CPU.ActiveCfg = Debug|Any CPU
		{F903854C-D123-4969-93A3-63302AEA2B39}.Debug|Any CPU.Build.0 = Debug|Any CPU
		{F903854C-D123-4969-93A3-63302AEA2B39}.Release|Any CPU.ActiveCfg = Release|Any CPU
		{F903854C-D123-4969-93A3-63302AEA2B39}.Release|Any CPU.Build.0 = Release|Any CPU
		{F5C67CA3-D85A-4E3D-9CD7-9F943BB54511}.Debug|Any CPU.ActiveCfg = Debug|Any CPU
		{F5C67CA3-D85A-4E3D-9CD7-9F943BB54511}.Debug|Any CPU.Build.0 = Debug|Any CPU
		{F5C67CA3-D85A-4E3D-9CD7-9F943BB54511}.Release|Any CPU.ActiveCfg = Release|Any CPU
		{F5C67CA3-D85A-4E3D-9CD7-9F943BB54511}.Release|Any CPU.Build.0 = Release|Any CPU
	EndGlobalSection
	GlobalSection(NestedProjects) = preSolution
		{F903854C-D123-4969-93A3-63302AEA2B39} = {D44D4DD3-8AE8-43C3-BA09-5DDD570DB370}
		{F5C67CA3-D85A-4E3D-9CD7-9F943BB54511} = {319B9C65-DA66-4FDF-B56E-9E8FD30E66FA}
	EndGlobalSection
EndGlobal
